
Microsoft Visual Studio Solution File, Format Version 12.00
# Visual Studio Version 16
VisualStudioVersion = 16.0.30517.126
MinimumVisualStudioVersion = 10.0.40219.1
Project("{FAE04EC0-301F-11D3-BF4B-00C04F79EFBC}") = "Dinoshoppen", "Dinoshoppen\Dinoshoppen.csproj", "{CE07E94B-9611-42F7-87F8-B2E4EFEFADA4}"
EndProject
Project("{FAE04EC0-301F-11D3-BF4B-00C04F79EFBC}") = "DataLayer", "DataLayer\DataLayer.csproj", "{AF9A5671-BD33-4469-98C7-1CB73129A247}"
EndProject
Global
	GlobalSection(SolutionConfigurationPlatforms) = preSolution
		Debug|Any CPU = Debug|Any CPU
		Release|Any CPU = Release|Any CPU
	EndGlobalSection
	GlobalSection(ProjectConfigurationPlatforms) = postSolution
		{CE07E94B-9611-42F7-87F8-B2E4EFEFADA4}.Debug|Any CPU.ActiveCfg = Debug|Any CPU
		{CE07E94B-9611-42F7-87F8-B2E4EFEFADA4}.Debug|Any CPU.Build.0 = Debug|Any CPU
		{CE07E94B-9611-42F7-87F8-B2E4EFEFADA4}.Release|Any CPU.ActiveCfg = Release|Any CPU
		{CE07E94B-9611-42F7-87F8-B2E4EFEFADA4}.Release|Any CPU.Build.0 = Release|Any CPU
		{AF9A5671-BD33-4469-98C7-1CB73129A247}.Debug|Any CPU.ActiveCfg = Debug|Any CPU
		{AF9A5671-BD33-4469-98C7-1CB73129A247}.Debug|Any CPU.Build.0 = Debug|Any CPU
		{AF9A5671-BD33-4469-98C7-1CB73129A247}.Release|Any CPU.ActiveCfg = Release|Any CPU
		{AF9A5671-BD33-4469-98C7-1CB73129A247}.Release|Any CPU.Build.0 = Release|Any CPU
	EndGlobalSection
	GlobalSection(SolutionProperties) = preSolution
		HideSolutionNode = FALSE
	EndGlobalSection
	GlobalSection(ExtensibilityGlobals) = postSolution
		SolutionGuid = {524D09AB-063B-4158-8A90-55B76DE5DD52}
	EndGlobalSection
EndGlobal
